
Microsoft Visual Studio Solution File, Format Version 12.00
# Visual Studio Version 17
VisualStudioVersion = 17.14.36203.30
MinimumVisualStudioVersion = 10.0.40219.1
Project("{FAE04EC0-301F-11D3-BF4B-00C04F79EFBC}") = "BookStoreAPI", "BookStoreAPI\BookStoreAPI.csproj", "{42B7BFAB-E58A-46FB-A5AC-BE3B13C61105}"
EndProject
Project("{FAE04EC0-301F-11D3-BF4B-00C04F79EFBC}") = "BookStore.Domain", "BookStore.Domain\BookStore.Domain.csproj", "{C4C908B3-2332-4722-A3B5-7183104B55B8}"
EndProject
Project("{FAE04EC0-301F-11D3-BF4B-00C04F79EFBC}") = "BookStore.Application", "BookStore.Application\BookStore.Application.csproj", "{73B036F9-0026-42C7-8C31-A21C0C54C5BF}"
EndProject
Project("{FAE04EC0-301F-11D3-BF4B-00C04F79EFBC}") = "BookStore.Infrastructure", "BookStore.Infrastructure\BookStore.Infrastructure.csproj", "{720BF6EE-90F6-4E62-94DE-7BD2987751B5}"
EndProject
Project("{FAE04EC0-301F-11D3-BF4B-00C04F79EFBC}") = "BookStore.Application.Tests", "BookStore.Application.Tests\BookStore.Application.Tests.csproj", "{4F215956-4107-4F1A-8AF0-E52F42FDE019}"
EndProject
Project("{FAE04EC0-301F-11D3-BF4B-00C04F79EFBC}") = "BookStoreAPI.Tests", "BookStoreAPI.Tests\BookStoreAPI.Tests.csproj", "{5392AF7C-E8D6-4523-83BC-8087A3FF0D46}"
EndProject
Project("{2150E333-8FDC-42A3-9474-1A3956D46DE8}") = "Tests", "Tests", "{02EA681E-C7D8-13C7-8484-4AC65E1B71E8}"
EndProject
Project("{2150E333-8FDC-42A3-9474-1A3956D46DE8}") = "src", "src", "{955BB36B-35F7-4038-9B75-7A1F96C84BEF}"
EndProject
Global
	GlobalSection(SolutionConfigurationPlatforms) = preSolution
		Debug|Any CPU = Debug|Any CPU
		Release|Any CPU = Release|Any CPU
	EndGlobalSection
	GlobalSection(ProjectConfigurationPlatforms) = postSolution
		{42B7BFAB-E58A-46FB-A5AC-BE3B13C61105}.Debug|Any CPU.ActiveCfg = Debug|Any CPU
		{42B7BFAB-E58A-46FB-A5AC-BE3B13C61105}.Debug|Any CPU.Build.0 = Debug|Any CPU
		{42B7BFAB-E58A-46FB-A5AC-BE3B13C61105}.Release|Any CPU.ActiveCfg = Release|Any CPU
		{42B7BFAB-E58A-46FB-A5AC-BE3B13C61105}.Release|Any CPU.Build.0 = Release|Any CPU
		{C4C908B3-2332-4722-A3B5-7183104B55B8}.Debug|Any CPU.ActiveCfg = Debug|Any CPU
		{C4C908B3-2332-4722-A3B5-7183104B55B8}.Debug|Any CPU.Build.0 = Debug|Any CPU
		{C4C908B3-2332-4722-A3B5-7183104B55B8}.Release|Any CPU.ActiveCfg = Release|Any CPU
		{C4C908B3-2332-4722-A3B5-7183104B55B8}.Release|Any CPU.Build.0 = Release|Any CPU
		{73B036F9-0026-42C7-8C31-A21C0C54C5BF}.Debug|Any CPU.ActiveCfg = Debug|Any CPU
		{73B036F9-0026-42C7-8C31-A21C0C54C5BF}.Debug|Any CPU.Build.0 = Debug|Any CPU
		{73B036F9-0026-42C7-8C31-A21C0C54C5BF}.Release|Any CPU.ActiveCfg = Release|Any CPU
		{73B036F9-0026-42C7-8C31-A21C0C54C5BF}.Release|Any CPU.Build.0 = Release|Any CPU
		{720BF6EE-90F6-4E62-94DE-7BD2987751B5}.Debug|Any CPU.ActiveCfg = Debug|Any CPU
		{720BF6EE-90F6-4E62-94DE-7BD2987751B5}.Debug|Any CPU.Build.0 = Debug|Any CPU
		{720BF6EE-90F6-4E62-94DE-7BD2987751B5}.Release|Any CPU.ActiveCfg = Release|Any CPU
		{720BF6EE-90F6-4E62-94DE-7BD2987751B5}.Release|Any CPU.Build.0 = Release|Any CPU
		{4F215956-4107-4F1A-8AF0-E52F42FDE019}.Debug|Any CPU.ActiveCfg = Debug|Any CPU
		{4F215956-4107-4F1A-8AF0-E52F42FDE019}.Debug|Any CPU.Build.0 = Debug|Any CPU
		{4F215956-4107-4F1A-8AF0-E52F42FDE019}.Release|Any CPU.ActiveCfg = Release|Any CPU
		{4F215956-4107-4F1A-8AF0-E52F42FDE019}.Release|Any CPU.Build.0 = Release|Any CPU
		{5392AF7C-E8D6-4523-83BC-8087A3FF0D46}.Debug|Any CPU.ActiveCfg = Debug|Any CPU
		{5392AF7C-E8D6-4523-83BC-8087A3FF0D46}.Debug|Any CPU.Build.0 = Debug|Any CPU
		{5392AF7C-E8D6-4523-83BC-8087A3FF0D46}.Release|Any CPU.ActiveCfg = Release|Any CPU
		{5392AF7C-E8D6-4523-83BC-8087A3FF0D46}.Release|Any CPU.Build.0 = Release|Any CPU
	EndGlobalSection
	GlobalSection(SolutionProperties) = preSolution
		HideSolutionNode = FALSE
	EndGlobalSection
	GlobalSection(NestedProjects) = preSolution
		{42B7BFAB-E58A-46FB-A5AC-BE3B13C61105} = {955BB36B-35F7-4038-9B75-7A1F96C84BEF}
		{C4C908B3-2332-4722-A3B5-7183104B55B8} = {955BB36B-35F7-4038-9B75-7A1F96C84BEF}
		{73B036F9-0026-42C7-8C31-A21C0C54C5BF} = {955BB36B-35F7-4038-9B75-7A1F96C84BEF}
		{720BF6EE-90F6-4E62-94DE-7BD2987751B5} = {955BB36B-35F7-4038-9B75-7A1F96C84BEF}
		{4F215956-4107-4F1A-8AF0-E52F42FDE019} = {02EA681E-C7D8-13C7-8484-4AC65E1B71E8}
		{5392AF7C-E8D6-4523-83BC-8087A3FF0D46} = {02EA681E-C7D8-13C7-8484-4AC65E1B71E8}
	EndGlobalSection
	GlobalSection(ExtensibilityGlobals) = postSolution
		SolutionGuid = {597E876D-C8A6-47FD-AB7B-4FB56722880D}
	EndGlobalSection
EndGlobal
